
Microsoft Visual Studio Solution File, Format Version 12.00
# Visual Studio Version 16
VisualStudioVersion = 16.0.30907.101
MinimumVisualStudioVersion = 10.0.40219.1
Project("{9A19103F-16F7-4668-BE54-9A1E7A4F7556}") = "Api", "InventoryApi\Api.csproj", "{D4D5BD7B-E0CE-495B-BA38-6385C4B9EF0A}"
EndProject
Project("{9A19103F-16F7-4668-BE54-9A1E7A4F7556}") = "Application", "Application\Application.csproj", "{44A8B4F8-132E-41B8-8845-31B5435F9F66}"
EndProject
Project("{9A19103F-16F7-4668-BE54-9A1E7A4F7556}") = "Domains", "Domains\Domains.csproj", "{6DB3AF75-B206-4677-8FFF-BCBD499537DF}"
EndProject
Project("{9A19103F-16F7-4668-BE54-9A1E7A4F7556}") = "Infra.Ef", "Infra.Ef\Infra.Ef.csproj", "{021E4680-AE6A-4C8C-B833-7B09CBDB3DBD}"
EndProject
Project("{FAE04EC0-301F-11D3-BF4B-00C04F79EFBC}") = "Infra.IoC", "Infra.IoC\Infra.IoC.csproj", "{996D8432-C7D4-4930-94E5-EDC1E1DCF397}"
EndProject
Global
	GlobalSection(SolutionConfigurationPlatforms) = preSolution
		Debug|Any CPU = Debug|Any CPU
		Release|Any CPU = Release|Any CPU
	EndGlobalSection
	GlobalSection(ProjectConfigurationPlatforms) = postSolution
		{D4D5BD7B-E0CE-495B-BA38-6385C4B9EF0A}.Debug|Any CPU.ActiveCfg = Debug|Any CPU
		{D4D5BD7B-E0CE-495B-BA38-6385C4B9EF0A}.Debug|Any CPU.Build.0 = Debug|Any CPU
		{D4D5BD7B-E0CE-495B-BA38-6385C4B9EF0A}.Release|Any CPU.ActiveCfg = Release|Any CPU
		{D4D5BD7B-E0CE-495B-BA38-6385C4B9EF0A}.Release|Any CPU.Build.0 = Release|Any CPU
		{44A8B4F8-132E-41B8-8845-31B5435F9F66}.Debug|Any CPU.ActiveCfg = Debug|Any CPU
		{44A8B4F8-132E-41B8-8845-31B5435F9F66}.Debug|Any CPU.Build.0 = Debug|Any CPU
		{44A8B4F8-132E-41B8-8845-31B5435F9F66}.Release|Any CPU.ActiveCfg = Release|Any CPU
		{44A8B4F8-132E-41B8-8845-31B5435F9F66}.Release|Any CPU.Build.0 = Release|Any CPU
		{6DB3AF75-B206-4677-8FFF-BCBD499537DF}.Debug|Any CPU.ActiveCfg = Debug|Any CPU
		{6DB3AF75-B206-4677-8FFF-BCBD499537DF}.Debug|Any CPU.Build.0 = Debug|Any CPU
		{6DB3AF75-B206-4677-8FFF-BCBD499537DF}.Release|Any CPU.ActiveCfg = Release|Any CPU
		{6DB3AF75-B206-4677-8FFF-BCBD499537DF}.Release|Any CPU.Build.0 = Release|Any CPU
		{021E4680-AE6A-4C8C-B833-7B09CBDB3DBD}.Debug|Any CPU.ActiveCfg = Debug|Any CPU
		{021E4680-AE6A-4C8C-B833-7B09CBDB3DBD}.Debug|Any CPU.Build.0 = Debug|Any CPU
		{021E4680-AE6A-4C8C-B833-7B09CBDB3DBD}.Release|Any CPU.ActiveCfg = Release|Any CPU
		{021E4680-AE6A-4C8C-B833-7B09CBDB3DBD}.Release|Any CPU.Build.0 = Release|Any CPU
		{996D8432-C7D4-4930-94E5-EDC1E1DCF397}.Debug|Any CPU.ActiveCfg = Debug|Any CPU
		{996D8432-C7D4-4930-94E5-EDC1E1DCF397}.Debug|Any CPU.Build.0 = Debug|Any CPU
		{996D8432-C7D4-4930-94E5-EDC1E1DCF397}.Release|Any CPU.ActiveCfg = Release|Any CPU
		{996D8432-C7D4-4930-94E5-EDC1E1DCF397}.Release|Any CPU.Build.0 = Release|Any CPU
	EndGlobalSection
	GlobalSection(SolutionProperties) = preSolution
		HideSolutionNode = FALSE
	EndGlobalSection
	GlobalSection(ExtensibilityGlobals) = postSolution
		SolutionGuid = {5AD56DF1-905D-4308-AF3D-A3A78B97AB39}
	EndGlobalSection
EndGlobal
